
Microsoft Visual Studio Solution File, Format Version 12.00
# Visual Studio Version 16
VisualStudioVersion = 16.0.30309.148
MinimumVisualStudioVersion = 10.0.40219.1
Project("{8BC9CEB8-8B4A-11D0-8D11-00A0C91BC942}") = "capg", "capg\capg.vcxproj", "{455C8BC6-749F-45CF-83C8-1C5EAB7A3AF7}"
EndProject
Project("{8BC9CEB8-8B4A-11D0-8D11-00A0C91BC942}") = "Sliding_window", "Sliding_window\Sliding_window.vcxproj", "{8E2B70B4-0F36-4ECD-BC86-3FDD345D8499}"
EndProject
Project("{8BC9CEB8-8B4A-11D0-8D11-00A0C91BC942}") = "MinStack", "MinStack\MinStack.vcxproj", "{25B75BB5-80C7-4C83-B02A-208CF1E8DC99}"
EndProject
Project("{8BC9CEB8-8B4A-11D0-8D11-00A0C91BC942}") = "stackreverse", "stackreverse\stackreverse.vcxproj", "{5F3A13ED-D068-400B-A866-987B69C5B2FE}"
EndProject
Project("{8BC9CEB8-8B4A-11D0-8D11-00A0C91BC942}") = "Project1", "Project1\Project1.vcxproj", "{D9EF3DB1-F9B1-48E9-9886-3A0A7EA8DD58}"
EndProject
Project("{8BC9CEB8-8B4A-11D0-8D11-00A0C91BC942}") = "Apple", "Apple\Apple.vcxproj", "{29400765-948D-42DE-9651-283C09D8A653}"
EndProject
Project("{8BC9CEB8-8B4A-11D0-8D11-00A0C91BC942}") = "Stock_Price", "Stock_Price\Stock_Price.vcxproj", "{204B676D-A957-47A5-B04E-3C937F118D82}"
EndProject
Project("{8BC9CEB8-8B4A-11D0-8D11-00A0C91BC942}") = "JTC", "JTC\JTC.vcxproj", "{F12AE1B4-7084-481A-824E-85A9255768AD}"
EndProject
Project("{8BC9CEB8-8B4A-11D0-8D11-00A0C91BC942}") = "Minswap", "Minswap\Minswap.vcxproj", "{F824E598-ECF1-4C46-811A-08AB7E45AD67}"
EndProject
Project("{8BC9CEB8-8B4A-11D0-8D11-00A0C91BC942}") = "BookMyShow", "BookMyShow\BookMyShow.vcxproj", "{2507B502-07E6-46AB-B6F9-6C4129DD111B}"
EndProject
Project("{8BC9CEB8-8B4A-11D0-8D11-00A0C91BC942}") = "ABC", "ABC\ABC.vcxproj", "{CD3417FD-EB1F-401F-BAF9-C5A1DC09A8BF}"
EndProject
Global
	GlobalSection(SolutionConfigurationPlatforms) = preSolution
		Debug|x64 = Debug|x64
		Debug|x86 = Debug|x86
		Release|x64 = Release|x64
		Release|x86 = Release|x86
	EndGlobalSection
	GlobalSection(ProjectConfigurationPlatforms) = postSolution
		{455C8BC6-749F-45CF-83C8-1C5EAB7A3AF7}.Debug|x64.ActiveCfg = Debug|x64
		{455C8BC6-749F-45CF-83C8-1C5EAB7A3AF7}.Debug|x64.Build.0 = Debug|x64
		{455C8BC6-749F-45CF-83C8-1C5EAB7A3AF7}.Debug|x86.ActiveCfg = Debug|Win32
		{455C8BC6-749F-45CF-83C8-1C5EAB7A3AF7}.Debug|x86.Build.0 = Debug|Win32
		{455C8BC6-749F-45CF-83C8-1C5EAB7A3AF7}.Release|x64.ActiveCfg = Release|x64
		{455C8BC6-749F-45CF-83C8-1C5EAB7A3AF7}.Release|x64.Build.0 = Release|x64
		{455C8BC6-749F-45CF-83C8-1C5EAB7A3AF7}.Release|x86.ActiveCfg = Release|Win32
		{455C8BC6-749F-45CF-83C8-1C5EAB7A3AF7}.Release|x86.Build.0 = Release|Win32
		{8E2B70B4-0F36-4ECD-BC86-3FDD345D8499}.Debug|x64.ActiveCfg = Debug|x64
		{8E2B70B4-0F36-4ECD-BC86-3FDD345D8499}.Debug|x64.Build.0 = Debug|x64
		{8E2B70B4-0F36-4ECD-BC86-3FDD345D8499}.Debug|x86.ActiveCfg = Debug|Win32
		{8E2B70B4-0F36-4ECD-BC86-3FDD345D8499}.Debug|x86.Build.0 = Debug|Win32
		{8E2B70B4-0F36-4ECD-BC86-3FDD345D8499}.Release|x64.ActiveCfg = Release|x64
		{8E2B70B4-0F36-4ECD-BC86-3FDD345D8499}.Release|x64.Build.0 = Release|x64
		{8E2B70B4-0F36-4ECD-BC86-3FDD345D8499}.Release|x86.ActiveCfg = Release|Win32
		{8E2B70B4-0F36-4ECD-BC86-3FDD345D8499}.Release|x86.Build.0 = Release|Win32
		{25B75BB5-80C7-4C83-B02A-208CF1E8DC99}.Debug|x64.ActiveCfg = Debug|x64
		{25B75BB5-80C7-4C83-B02A-208CF1E8DC99}.Debug|x64.Build.0 = Debug|x64
		{25B75BB5-80C7-4C83-B02A-208CF1E8DC99}.Debug|x86.ActiveCfg = Debug|Win32
		{25B75BB5-80C7-4C83-B02A-208CF1E8DC99}.Debug|x86.Build.0 = Debug|Win32
		{25B75BB5-80C7-4C83-B02A-208CF1E8DC99}.Release|x64.ActiveCfg = Release|x64
		{25B75BB5-80C7-4C83-B02A-208CF1E8DC99}.Release|x64.Build.0 = Release|x64
		{25B75BB5-80C7-4C83-B02A-208CF1E8DC99}.Release|x86.ActiveCfg = Release|Win32
		{25B75BB5-80C7-4C83-B02A-208CF1E8DC99}.Release|x86.Build.0 = Release|Win32
		{5F3A13ED-D068-400B-A866-987B69C5B2FE}.Debug|x64.ActiveCfg = Debug|x64
		{5F3A13ED-D068-400B-A866-987B69C5B2FE}.Debug|x64.Build.0 = Debug|x64
		{5F3A13ED-D068-400B-A866-987B69C5B2FE}.Debug|x86.ActiveCfg = Debug|Win32
		{5F3A13ED-D068-400B-A866-987B69C5B2FE}.Debug|x86.Build.0 = Debug|Win32
		{5F3A13ED-D068-400B-A866-987B69C5B2FE}.Release|x64.ActiveCfg = Release|x64
		{5F3A13ED-D068-400B-A866-987B69C5B2FE}.Release|x64.Build.0 = Release|x64
		{5F3A13ED-D068-400B-A866-987B69C5B2FE}.Release|x86.ActiveCfg = Release|Win32
		{5F3A13ED-D068-400B-A866-987B69C5B2FE}.Release|x86.Build.0 = Release|Win32
		{D9EF3DB1-F9B1-48E9-9886-3A0A7EA8DD58}.Debug|x64.ActiveCfg = Debug|x64
		{D9EF3DB1-F9B1-48E9-9886-3A0A7EA8DD58}.Debug|x64.Build.0 = Debug|x64
		{D9EF3DB1-F9B1-48E9-9886-3A0A7EA8DD58}.Debug|x86.ActiveCfg = Debug|Win32
		{D9EF3DB1-F9B1-48E9-9886-3A0A7EA8DD58}.Debug|x86.Build.0 = Debug|Win32
		{D9EF3DB1-F9B1-48E9-9886-3A0A7EA8DD58}.Release|x64.ActiveCfg = Release|x64
		{D9EF3DB1-F9B1-48E9-9886-3A0A7EA8DD58}.Release|x64.Build.0 = Release|x64
		{D9EF3DB1-F9B1-48E9-9886-3A0A7EA8DD58}.Release|x86.ActiveCfg = Release|Win32
		{D9EF3DB1-F9B1-48E9-9886-3A0A7EA8DD58}.Release|x86.Build.0 = Release|Win32
		{29400765-948D-42DE-9651-283C09D8A653}.Debug|x64.ActiveCfg = Debug|x64
		{29400765-948D-42DE-9651-283C09D8A653}.Debug|x64.Build.0 = Debug|x64
		{29400765-948D-42DE-9651-283C09D8A653}.Debug|x86.ActiveCfg = Debug|Win32
		{29400765-948D-42DE-9651-283C09D8A653}.Debug|x86.Build.0 = Debug|Win32
		{29400765-948D-42DE-9651-283C09D8A653}.Release|x64.ActiveCfg = Release|x64
		{29400765-948D-42DE-9651-283C09D8A653}.Release|x64.Build.0 = Release|x64
		{29400765-948D-42DE-9651-283C09D8A653}.Release|x86.ActiveCfg = Release|Win32
		{29400765-948D-42DE-9651-283C09D8A653}.Release|x86.Build.0 = Release|Win32
		{204B676D-A957-47A5-B04E-3C937F118D82}.Debug|x64.ActiveCfg = Debug|x64
		{204B676D-A957-47A5-B04E-3C937F118D82}.Debug|x64.Build.0 = Debug|x64
		{204B676D-A957-47A5-B04E-3C937F118D82}.Debug|x86.ActiveCfg = Debug|Win32
		{204B676D-A957-47A5-B04E-3C937F118D82}.Debug|x86.Build.0 = Debug|Win32
		{204B676D-A957-47A5-B04E-3C937F118D82}.Release|x64.ActiveCfg = Release|x64
		{204B676D-A957-47A5-B04E-3C937F118D82}.Release|x64.Build.0 = Release|x64
		{204B676D-A957-47A5-B04E-3C937F118D82}.Release|x86.ActiveCfg = Release|Win32
		{204B676D-A957-47A5-B04E-3C937F118D82}.Release|x86.Build.0 = Release|Win32
		{F12AE1B4-7084-481A-824E-85A9255768AD}.Debug|x64.ActiveCfg = Debug|x64
		{F12AE1B4-7084-481A-824E-85A9255768AD}.Debug|x64.Build.0 = Debug|x64
		{F12AE1B4-7084-481A-824E-85A9255768AD}.Debug|x86.ActiveCfg = Debug|Win32
		{F12AE1B4-7084-481A-824E-85A9255768AD}.Debug|x86.Build.0 = Debug|Win32
		{F12AE1B4-7084-481A-824E-85A9255768AD}.Release|x64.ActiveCfg = Release|x64
		{F12AE1B4-7084-481A-824E-85A9255768AD}.Release|x64.Build.0 = Release|x64
		{F12AE1B4-7084-481A-824E-85A9255768AD}.Release|x86.ActiveCfg = Release|Win32
		{F12AE1B4-7084-481A-824E-85A9255768AD}.Release|x86.Build.0 = Release|Win32
		{F824E598-ECF1-4C46-811A-08AB7E45AD67}.Debug|x64.ActiveCfg = Debug|x64
		{F824E598-ECF1-4C46-811A-08AB7E45AD67}.Debug|x64.Build.0 = Debug|x64
		{F824E598-ECF1-4C46-811A-08AB7E45AD67}.Debug|x86.ActiveCfg = Debug|Win32
		{F824E598-ECF1-4C46-811A-08AB7E45AD67}.Debug|x86.Build.0 = Debug|Win32
		{F824E598-ECF1-4C46-811A-08AB7E45AD67}.Release|x64.ActiveCfg = Release|x64
		{F824E598-ECF1-4C46-811A-08AB7E45AD67}.Release|x64.Build.0 = Release|x64
		{F824E598-ECF1-4C46-811A-08AB7E45AD67}.Release|x86.ActiveCfg = Release|Win32
		{F824E598-ECF1-4C46-811A-08AB7E45AD67}.Release|x86.Build.0 = Release|Win32
		{2507B502-07E6-46AB-B6F9-6C4129DD111B}.Debug|x64.ActiveCfg = Debug|x64
		{2507B502-07E6-46AB-B6F9-6C4129DD111B}.Debug|x64.Build.0 = Debug|x64
		{2507B502-07E6-46AB-B6F9-6C4129DD111B}.Debug|x86.ActiveCfg = Debug|Win32
		{2507B502-07E6-46AB-B6F9-6C4129DD111B}.Debug|x86.Build.0 = Debug|Win32
		{2507B502-07E6-46AB-B6F9-6C4129DD111B}.Release|x64.ActiveCfg = Release|x64
		{2507B502-07E6-46AB-B6F9-6C4129DD111B}.Release|x64.Build.0 = Release|x64
		{2507B502-07E6-46AB-B6F9-6C4129DD111B}.Release|x86.ActiveCfg = Release|Win32
		{2507B502-07E6-46AB-B6F9-6C4129DD111B}.Release|x86.Build.0 = Release|Win32
		{CD3417FD-EB1F-401F-BAF9-C5A1DC09A8BF}.Debug|x64.ActiveCfg = Debug|x64
		{CD3417FD-EB1F-401F-BAF9-C5A1DC09A8BF}.Debug|x64.Build.0 = Debug|x64
		{CD3417FD-EB1F-401F-BAF9-C5A1DC09A8BF}.Debug|x86.ActiveCfg = Debug|Win32
		{CD3417FD-EB1F-401F-BAF9-C5A1DC09A8BF}.Debug|x86.Build.0 = Debug|Win32
		{CD3417FD-EB1F-401F-BAF9-C5A1DC09A8BF}.Release|x64.ActiveCfg = Release|x64
		{CD3417FD-EB1F-401F-BAF9-C5A1DC09A8BF}.Release|x64.Build.0 = Release|x64
		{CD3417FD-EB1F-401F-BAF9-C5A1DC09A8BF}.Release|x86.ActiveCfg = Release|Win32
		{CD3417FD-EB1F-401F-BAF9-C5A1DC09A8BF}.Release|x86.Build.0 = Release|Win32
	EndGlobalSection
	GlobalSection(SolutionProperties) = preSolution
		HideSolutionNode = FALSE
	EndGlobalSection
	GlobalSection(ExtensibilityGlobals) = postSolution
		SolutionGuid = {2C45E580-8074-4CC0-BFB2-1BBFF326E038}
	EndGlobalSection
EndGlobal
